
Microsoft Visual Studio Solution File, Format Version 12.00
# Visual Studio 15
VisualStudioVersion = 15.0.28307.960
MinimumVisualStudioVersion = 10.0.40219.1
Project("{FAE04EC0-301F-11D3-BF4B-00C04F79EFBC}") = "WindowsFormsApplication1", "WindowsFormsApplication1\WindowsFormsApplication1.csproj", "{0F100E38-E182-4C9A-83C2-9D8BB095CEA5}"
EndProject
Project("{FAE04EC0-301F-11D3-BF4B-00C04F79EFBC}") = "WindowsFormsApp1", "WindowsFormsApp1\WindowsFormsApp1.csproj", "{760D75EF-7265-4563-9175-F638526596A5}"
EndProject
Project("{FAE04EC0-301F-11D3-BF4B-00C04F79EFBC}") = "WindowsFormsApp2", "WindowsFormsApp2\WindowsFormsApp2.csproj", "{2BDE2179-F55D-4591-B797-95E56357C544}"
EndProject
Project("{FAE04EC0-301F-11D3-BF4B-00C04F79EFBC}") = "WindowsForm3", "WindowsForm3\WindowsForm3.csproj", "{96A872B1-C993-4DEA-9715-B33D7E62EBE1}"
EndProject
Project("{FAE04EC0-301F-11D3-BF4B-00C04F79EFBC}") = "WindowsFormsApp4", "WindowsFormsApp4\WindowsFormsApp4.csproj", "{2487424B-B644-49AE-A078-B126837D8344}"
EndProject
Project("{FAE04EC0-301F-11D3-BF4B-00C04F79EFBC}") = "WindowsFormsApp5", "WindowsFormsApp5\WindowsFormsApp5.csproj", "{C7D646F1-A798-4FB4-8070-464D15B12D89}"
EndProject
Project("{FAE04EC0-301F-11D3-BF4B-00C04F79EFBC}") = "ApplicationTest", "ApplicationTest\ApplicationTest.csproj", "{A5B4FD27-5B50-40B8-8E19-5DA0B3B6B71C}"
EndProject
Global
	GlobalSection(SolutionConfigurationPlatforms) = preSolution
		Debug|Any CPU = Debug|Any CPU
		Release|Any CPU = Release|Any CPU
	EndGlobalSection
	GlobalSection(ProjectConfigurationPlatforms) = postSolution
		{0F100E38-E182-4C9A-83C2-9D8BB095CEA5}.Debug|Any CPU.ActiveCfg = Debug|Any CPU
		{0F100E38-E182-4C9A-83C2-9D8BB095CEA5}.Debug|Any CPU.Build.0 = Debug|Any CPU
		{0F100E38-E182-4C9A-83C2-9D8BB095CEA5}.Release|Any CPU.ActiveCfg = Release|Any CPU
		{0F100E38-E182-4C9A-83C2-9D8BB095CEA5}.Release|Any CPU.Build.0 = Release|Any CPU
		{760D75EF-7265-4563-9175-F638526596A5}.Debug|Any CPU.ActiveCfg = Debug|Any CPU
		{760D75EF-7265-4563-9175-F638526596A5}.Debug|Any CPU.Build.0 = Debug|Any CPU
		{760D75EF-7265-4563-9175-F638526596A5}.Release|Any CPU.ActiveCfg = Release|Any CPU
		{760D75EF-7265-4563-9175-F638526596A5}.Release|Any CPU.Build.0 = Release|Any CPU
		{2BDE2179-F55D-4591-B797-95E56357C544}.Debug|Any CPU.ActiveCfg = Debug|Any CPU
		{2BDE2179-F55D-4591-B797-95E56357C544}.Debug|Any CPU.Build.0 = Debug|Any CPU
		{2BDE2179-F55D-4591-B797-95E56357C544}.Release|Any CPU.ActiveCfg = Release|Any CPU
		{2BDE2179-F55D-4591-B797-95E56357C544}.Release|Any CPU.Build.0 = Release|Any CPU
		{96A872B1-C993-4DEA-9715-B33D7E62EBE1}.Debug|Any CPU.ActiveCfg = Debug|Any CPU
		{96A872B1-C993-4DEA-9715-B33D7E62EBE1}.Debug|Any CPU.Build.0 = Debug|Any CPU
		{96A872B1-C993-4DEA-9715-B33D7E62EBE1}.Release|Any CPU.ActiveCfg = Release|Any CPU
		{96A872B1-C993-4DEA-9715-B33D7E62EBE1}.Release|Any CPU.Build.0 = Release|Any CPU
		{2487424B-B644-49AE-A078-B126837D8344}.Debug|Any CPU.ActiveCfg = Debug|Any CPU
		{2487424B-B644-49AE-A078-B126837D8344}.Debug|Any CPU.Build.0 = Debug|Any CPU
		{2487424B-B644-49AE-A078-B126837D8344}.Release|Any CPU.ActiveCfg = Release|Any CPU
		{2487424B-B644-49AE-A078-B126837D8344}.Release|Any CPU.Build.0 = Release|Any CPU
		{C7D646F1-A798-4FB4-8070-464D15B12D89}.Debug|Any CPU.ActiveCfg = Debug|Any CPU
		{C7D646F1-A798-4FB4-8070-464D15B12D89}.Debug|Any CPU.Build.0 = Debug|Any CPU
		{C7D646F1-A798-4FB4-8070-464D15B12D89}.Release|Any CPU.ActiveCfg = Release|Any CPU
		{C7D646F1-A798-4FB4-8070-464D15B12D89}.Release|Any CPU.Build.0 = Release|Any CPU
		{A5B4FD27-5B50-40B8-8E19-5DA0B3B6B71C}.Debug|Any CPU.ActiveCfg = Debug|Any CPU
		{A5B4FD27-5B50-40B8-8E19-5DA0B3B6B71C}.Debug|Any CPU.Build.0 = Debug|Any CPU
		{A5B4FD27-5B50-40B8-8E19-5DA0B3B6B71C}.Release|Any CPU.ActiveCfg = Release|Any CPU
		{A5B4FD27-5B50-40B8-8E19-5DA0B3B6B71C}.Release|Any CPU.Build.0 = Release|Any CPU
	EndGlobalSection
	GlobalSection(SolutionProperties) = preSolution
		HideSolutionNode = FALSE
	EndGlobalSection
	GlobalSection(ExtensibilityGlobals) = postSolution
		SolutionGuid = {D34E992F-DB21-4918-80B9-3ED1989A2A6B}
	EndGlobalSection
EndGlobal
